// !$*UTF8*$!
{
	archiveVersion = 1;
	classes = {
	};
	objectVersion = 55;
	objects = {

/* Begin PBXBuildFile section */
		57893C5929715027004F84FC /* AppDelegate.swift in Sources */ = {isa = PBXBuildFile; fileRef = 57893C5829715026004F84FC /* AppDelegate.swift */; };
		57893C5B29715027004F84FC /* SceneDelegate.swift in Sources */ = {isa = PBXBuildFile; fileRef = 57893C5A29715027004F84FC /* SceneDelegate.swift */; };
		57893C6229715029004F84FC /* Assets.xcassets in Resources */ = {isa = PBXBuildFile; fileRef = 57893C6129715029004F84FC /* Assets.xcassets */; };
		57893C6529715029004F84FC /* LaunchScreen.storyboard in Resources */ = {isa = PBXBuildFile; fileRef = 57893C6329715029004F84FC /* LaunchScreen.storyboard */; };
		57893C8D29715861004F84FC /* ApplicationCoordinator.swift in Sources */ = {isa = PBXBuildFile; fileRef = 57893C8C29715861004F84FC /* ApplicationCoordinator.swift */; };
		57893C8F297158AB004F84FC /* Coordinator.swift in Sources */ = {isa = PBXBuildFile; fileRef = 57893C8E297158AB004F84FC /* Coordinator.swift */; };
		57893C94297159FB004F84FC /* APIClient.swift in Sources */ = {isa = PBXBuildFile; fileRef = 57893C91297159FB004F84FC /* APIClient.swift */; };
		57893C95297159FB004F84FC /* Request+CRUD.swift in Sources */ = {isa = PBXBuildFile; fileRef = 57893C92297159FB004F84FC /* Request+CRUD.swift */; };
		57893C96297159FB004F84FC /* Request.swift in Sources */ = {isa = PBXBuildFile; fileRef = 57893C93297159FB004F84FC /* Request.swift */; };
		57893C982971624C004F84FC /* PunkAPIClient.swift in Sources */ = {isa = PBXBuildFile; fileRef = 57893C972971624C004F84FC /* PunkAPIClient.swift */; };
		57893C9A29716711004F84FC /* BeersListView.swift in Sources */ = {isa = PBXBuildFile; fileRef = 57893C9929716711004F84FC /* BeersListView.swift */; };
		57893C9D297168E7004F84FC /* Beer.swift in Sources */ = {isa = PBXBuildFile; fileRef = 57893C9B297168E7004F84FC /* Beer.swift */; };
		57893CA0297191CD004F84FC /* BeersListViewModel.swift in Sources */ = {isa = PBXBuildFile; fileRef = 57893C9F297191CD004F84FC /* BeersListViewModel.swift */; };
		57893CA5297192AA004F84FC /* BeerItemView.swift in Sources */ = {isa = PBXBuildFile; fileRef = 57893CA4297192AA004F84FC /* BeerItemView.swift */; };
		57893CAD2972C58E004F84FC /* BeerDetailsView.swift in Sources */ = {isa = PBXBuildFile; fileRef = 57893CA92972C51D004F84FC /* BeerDetailsView.swift */; };
		57893CAF2972C697004F84FC /* BeerDetailsViewModel.swift in Sources */ = {isa = PBXBuildFile; fileRef = 57893CAE2972C697004F84FC /* BeerDetailsViewModel.swift */; };
		57893CB12972CD1C004F84FC /* BeerProfileImage.swift in Sources */ = {isa = PBXBuildFile; fileRef = 57893CB02972CD1C004F84FC /* BeerProfileImage.swift */; };
		57893CB829742151004F84FC /* MockBeerJSON.swift in Sources */ = {isa = PBXBuildFile; fileRef = 57893CB529742151004F84FC /* MockBeerJSON.swift */; };
		57893CB929742151004F84FC /* APIClientStub.swift in Sources */ = {isa = PBXBuildFile; fileRef = 57893CB629742151004F84FC /* APIClientStub.swift */; };
		57893CBA29742151004F84FC /* MockBeer.swift in Sources */ = {isa = PBXBuildFile; fileRef = 57893CB729742151004F84FC /* MockBeer.swift */; };
		57893CBC29742354004F84FC /* BeerModelTests.swift in Sources */ = {isa = PBXBuildFile; fileRef = 57893CBB29742354004F84FC /* BeerModelTests.swift */; };
		57893CBE29742AB0004F84FC /* BeersListViewModel.swift in Sources */ = {isa = PBXBuildFile; fileRef = 57893CBD29742AAF004F84FC /* BeersListViewModel.swift */; };
		57893CC029742E38004F84FC /* BeerDetailsViewModelTests.swift in Sources */ = {isa = PBXBuildFile; fileRef = 57893CBF29742E38004F84FC /* BeerDetailsViewModelTests.swift */; };
/* End PBXBuildFile section */

/* Begin PBXContainerItemProxy section */
		57893C6C29715029004F84FC /* PBXContainerItemProxy */ = {
			isa = PBXContainerItemProxy;
			containerPortal = 57893C4D29715026004F84FC /* Project object */;
			proxyType = 1;
			remoteGlobalIDString = 57893C5429715026004F84FC;
			remoteInfo = DemoProject;
		};
/* End PBXContainerItemProxy section */

/* Begin PBXFileReference section */
		57893C5529715026004F84FC /* DemoProject.app */ = {isa = PBXFileReference; explicitFileType = wrapper.application; includeInIndex = 0; path = DemoProject.app; sourceTree = BUILT_PRODUCTS_DIR; };
		57893C5829715026004F84FC /* AppDelegate.swift */ = {isa = PBXFileReference; lastKnownFileType = sourcecode.swift; path = AppDelegate.swift; sourceTree = "<group>"; };
		57893C5A29715027004F84FC /* SceneDelegate.swift */ = {isa = PBXFileReference; lastKnownFileType = sourcecode.swift; path = SceneDelegate.swift; sourceTree = "<group>"; };
		57893C6129715029004F84FC /* Assets.xcassets */ = {isa = PBXFileReference; lastKnownFileType = folder.assetcatalog; path = Assets.xcassets; sourceTree = "<group>"; };
		57893C6429715029004F84FC /* Base */ = {isa = PBXFileReference; lastKnownFileType = file.storyboard; name = Base; path = Base.lproj/LaunchScreen.storyboard; sourceTree = "<group>"; };
		57893C6629715029004F84FC /* Info.plist */ = {isa = PBXFileReference; lastKnownFileType = text.plist.xml; path = Info.plist; sourceTree = "<group>"; };
		57893C6B29715029004F84FC /* DemoProjectTests.xctest */ = {isa = PBXFileReference; explicitFileType = wrapper.cfbundle; includeInIndex = 0; path = DemoProjectTests.xctest; sourceTree = BUILT_PRODUCTS_DIR; };
		57893C8C29715861004F84FC /* ApplicationCoordinator.swift */ = {isa = PBXFileReference; lastKnownFileType = sourcecode.swift; path = ApplicationCoordinator.swift; sourceTree = "<group>"; };
		57893C8E297158AB004F84FC /* Coordinator.swift */ = {isa = PBXFileReference; lastKnownFileType = sourcecode.swift; path = Coordinator.swift; sourceTree = "<group>"; };
		57893C91297159FB004F84FC /* APIClient.swift */ = {isa = PBXFileReference; fileEncoding = 4; lastKnownFileType = sourcecode.swift; path = APIClient.swift; sourceTree = "<group>"; };
		57893C92297159FB004F84FC /* Request+CRUD.swift */ = {isa = PBXFileReference; fileEncoding = 4; lastKnownFileType = sourcecode.swift; path = "Request+CRUD.swift"; sourceTree = "<group>"; };
		57893C93297159FB004F84FC /* Request.swift */ = {isa = PBXFileReference; fileEncoding = 4; lastKnownFileType = sourcecode.swift; path = Request.swift; sourceTree = "<group>"; };
		57893C972971624C004F84FC /* PunkAPIClient.swift */ = {isa = PBXFileReference; lastKnownFileType = sourcecode.swift; path = PunkAPIClient.swift; sourceTree = "<group>"; };
		57893C9929716711004F84FC /* BeersListView.swift */ = {isa = PBXFileReference; lastKnownFileType = sourcecode.swift; path = BeersListView.swift; sourceTree = "<group>"; };
		57893C9B297168E7004F84FC /* Beer.swift */ = {isa = PBXFileReference; fileEncoding = 4; lastKnownFileType = sourcecode.swift; path = Beer.swift; sourceTree = "<group>"; };
		57893C9F297191CD004F84FC /* BeersListViewModel.swift */ = {isa = PBXFileReference; lastKnownFileType = sourcecode.swift; path = BeersListViewModel.swift; sourceTree = "<group>"; };
		57893CA4297192AA004F84FC /* BeerItemView.swift */ = {isa = PBXFileReference; lastKnownFileType = sourcecode.swift; path = BeerItemView.swift; sourceTree = "<group>"; };
		57893CA92972C51D004F84FC /* BeerDetailsView.swift */ = {isa = PBXFileReference; lastKnownFileType = sourcecode.swift; path = BeerDetailsView.swift; sourceTree = "<group>"; };
		57893CAE2972C697004F84FC /* BeerDetailsViewModel.swift */ = {isa = PBXFileReference; lastKnownFileType = sourcecode.swift; path = BeerDetailsViewModel.swift; sourceTree = "<group>"; };
		57893CB02972CD1C004F84FC /* BeerProfileImage.swift */ = {isa = PBXFileReference; lastKnownFileType = sourcecode.swift; path = BeerProfileImage.swift; sourceTree = "<group>"; };
		57893CB529742151004F84FC /* MockBeerJSON.swift */ = {isa = PBXFileReference; fileEncoding = 4; lastKnownFileType = sourcecode.swift; path = MockBeerJSON.swift; sourceTree = "<group>"; };
		57893CB629742151004F84FC /* APIClientStub.swift */ = {isa = PBXFileReference; fileEncoding = 4; lastKnownFileType = sourcecode.swift; path = APIClientStub.swift; sourceTree = "<group>"; };
		57893CB729742151004F84FC /* MockBeer.swift */ = {isa = PBXFileReference; fileEncoding = 4; lastKnownFileType = sourcecode.swift; path = MockBeer.swift; sourceTree = "<group>"; };
		57893CBB29742354004F84FC /* BeerModelTests.swift */ = {isa = PBXFileReference; fileEncoding = 4; lastKnownFileType = sourcecode.swift; path = BeerModelTests.swift; sourceTree = "<group>"; };
		57893CBD29742AAF004F84FC /* BeersListViewModel.swift */ = {isa = PBXFileReference; fileEncoding = 4; lastKnownFileType = sourcecode.swift; path = BeersListViewModel.swift; sourceTree = "<group>"; };
		57893CBF29742E38004F84FC /* BeerDetailsViewModelTests.swift */ = {isa = PBXFileReference; lastKnownFileType = sourcecode.swift; path = BeerDetailsViewModelTests.swift; sourceTree = "<group>"; };
/* End PBXFileReference section */

/* Begin PBXFrameworksBuildPhase section */
		57893C5229715026004F84FC /* Frameworks */ = {
			isa = PBXFrameworksBuildPhase;
			buildActionMask = 2147483647;
			files = (
			);
			runOnlyForDeploymentPostprocessing = 0;
		};
		57893C6829715029004F84FC /* Frameworks */ = {
			isa = PBXFrameworksBuildPhase;
			buildActionMask = 2147483647;
			files = (
			);
			runOnlyForDeploymentPostprocessing = 0;
		};
/* End PBXFrameworksBuildPhase section */

/* Begin PBXGroup section */
		57893C4C29715026004F84FC = {
			isa = PBXGroup;
			children = (
				57893C5729715026004F84FC /* DemoProject */,
				57893C6E29715029004F84FC /* DemoProjectTests */,
				57893C5629715026004F84FC /* Products */,
			);
			sourceTree = "<group>";
		};
		57893C5629715026004F84FC /* Products */ = {
			isa = PBXGroup;
			children = (
				57893C5529715026004F84FC /* DemoProject.app */,
				57893C6B29715029004F84FC /* DemoProjectTests.xctest */,
			);
			name = Products;
			sourceTree = "<group>";
		};
		57893C5729715026004F84FC /* DemoProject */ = {
			isa = PBXGroup;
			children = (
				57893C90297159E6004F84FC /* NetworkLayer */,
				57893C8829715391004F84FC /* Application */,
				57893C6129715029004F84FC /* Assets.xcassets */,
				57893C6329715029004F84FC /* LaunchScreen.storyboard */,
				57893C6629715029004F84FC /* Info.plist */,
			);
			path = DemoProject;
			sourceTree = "<group>";
		};
		57893C6E29715029004F84FC /* DemoProjectTests */ = {
			isa = PBXGroup;
			children = (
				57893CB429742141004F84FC /* MocksAndStubs */,
				57893CBB29742354004F84FC /* BeerModelTests.swift */,
				57893CBD29742AAF004F84FC /* BeersListViewModel.swift */,
				57893CBF29742E38004F84FC /* BeerDetailsViewModelTests.swift */,
			);
			path = DemoProjectTests;
			sourceTree = "<group>";
		};
		57893C8829715391004F84FC /* Application */ = {
			isa = PBXGroup;
			children = (
				57893CA82972B803004F84FC /* BeerDetails */,
				57893CA12971925B004F84FC /* BeersList */,
				57893C5829715026004F84FC /* AppDelegate.swift */,
				57893C5A29715027004F84FC /* SceneDelegate.swift */,
				57893C972971624C004F84FC /* PunkAPIClient.swift */,
				57893C892971539F004F84FC /* Coordinators */,
				57893C8B297153B2004F84FC /* Models */,
				57893C8A297153A6004F84FC /* Views */,
			);
			path = Application;
			sourceTree = "<group>";
		};
		57893C892971539F004F84FC /* Coordinators */ = {
			isa = PBXGroup;
			children = (
				57893C8C29715861004F84FC /* ApplicationCoordinator.swift */,
				57893C8E297158AB004F84FC /* Coordinator.swift */,
			);
			path = Coordinators;
			sourceTree = "<group>";
		};
		57893C8A297153A6004F84FC /* Views */ = {
			isa = PBXGroup;
			children = (
				57893CB02972CD1C004F84FC /* BeerProfileImage.swift */,
			);
			path = Views;
			sourceTree = "<group>";
		};
		57893C8B297153B2004F84FC /* Models */ = {
			isa = PBXGroup;
			children = (
				57893C9B297168E7004F84FC /* Beer.swift */,
			);
			path = Models;
			sourceTree = "<group>";
		};
		57893C90297159E6004F84FC /* NetworkLayer */ = {
			isa = PBXGroup;
			children = (
				57893C91297159FB004F84FC /* APIClient.swift */,
				57893C93297159FB004F84FC /* Request.swift */,
				57893C92297159FB004F84FC /* Request+CRUD.swift */,
			);
			path = NetworkLayer;
			sourceTree = "<group>";
		};
		57893CA12971925B004F84FC /* BeersList */ = {
			isa = PBXGroup;
			children = (
				57893CA32971926C004F84FC /* ViewModels */,
				57893CA229719266004F84FC /* Views */,
			);
			path = BeersList;
			sourceTree = "<group>";
		};
		57893CA229719266004F84FC /* Views */ = {
			isa = PBXGroup;
			children = (
				57893C9929716711004F84FC /* BeersListView.swift */,
				57893CA4297192AA004F84FC /* BeerItemView.swift */,
			);
			path = Views;
			sourceTree = "<group>";
		};
		57893CA32971926C004F84FC /* ViewModels */ = {
			isa = PBXGroup;
			children = (
				57893C9F297191CD004F84FC /* BeersListViewModel.swift */,
			);
			path = ViewModels;
			sourceTree = "<group>";
		};
		57893CA82972B803004F84FC /* BeerDetails */ = {
			isa = PBXGroup;
			children = (
				57893CAC2972C533004F84FC /* ViewModels */,
				57893CAB2972C522004F84FC /* Views */,
			);
			path = BeerDetails;
			sourceTree = "<group>";
		};
		57893CAB2972C522004F84FC /* Views */ = {
			isa = PBXGroup;
			children = (
				57893CA92972C51D004F84FC /* BeerDetailsView.swift */,
			);
			path = Views;
			sourceTree = "<group>";
		};
		57893CAC2972C533004F84FC /* ViewModels */ = {
			isa = PBXGroup;
			children = (
				57893CAE2972C697004F84FC /* BeerDetailsViewModel.swift */,
			);
			path = ViewModels;
			sourceTree = "<group>";
		};
		57893CB429742141004F84FC /* MocksAndStubs */ = {
			isa = PBXGroup;
			children = (
				57893CB629742151004F84FC /* APIClientStub.swift */,
				57893CB729742151004F84FC /* MockBeer.swift */,
				57893CB529742151004F84FC /* MockBeerJSON.swift */,
			);
			path = MocksAndStubs;
			sourceTree = "<group>";
		};
/* End PBXGroup section */

/* Begin PBXNativeTarget section */
		57893C5429715026004F84FC /* DemoProject */ = {
			isa = PBXNativeTarget;
			buildConfigurationList = 57893C7F29715029004F84FC /* Build configuration list for PBXNativeTarget "DemoProject" */;
			buildPhases = (
				57893C5129715026004F84FC /* Sources */,
				57893C5229715026004F84FC /* Frameworks */,
				57893C5329715026004F84FC /* Resources */,
			);
			buildRules = (
			);
			dependencies = (
			);
			name = DemoProject;
			productName = DemoProject;
			productReference = 57893C5529715026004F84FC /* DemoProject.app */;
			productType = "com.apple.product-type.application";
		};
		57893C6A29715029004F84FC /* DemoProjectTests */ = {
			isa = PBXNativeTarget;
			buildConfigurationList = 57893C8229715029004F84FC /* Build configuration list for PBXNativeTarget "DemoProjectTests" */;
			buildPhases = (
				57893C6729715029004F84FC /* Sources */,
				57893C6829715029004F84FC /* Frameworks */,
				57893C6929715029004F84FC /* Resources */,
			);
			buildRules = (
			);
			dependencies = (
				57893C6D29715029004F84FC /* PBXTargetDependency */,
			);
			name = DemoProjectTests;
			productName = DemoProjectTests;
			productReference = 57893C6B29715029004F84FC /* DemoProjectTests.xctest */;
			productType = "com.apple.product-type.bundle.unit-test";
		};
/* End PBXNativeTarget section */

/* Begin PBXProject section */
		57893C4D29715026004F84FC /* Project object */ = {
			isa = PBXProject;
			attributes = {
				BuildIndependentTargetsInParallel = 1;
				LastSwiftUpdateCheck = 1340;
				LastUpgradeCheck = 1340;
				TargetAttributes = {
					57893C5429715026004F84FC = {
						CreatedOnToolsVersion = 13.4;
					};
					57893C6A29715029004F84FC = {
						CreatedOnToolsVersion = 13.4;
						TestTargetID = 57893C5429715026004F84FC;
					};
				};
			};
			buildConfigurationList = 57893C5029715026004F84FC /* Build configuration list for PBXProject "DemoProject" */;
			compatibilityVersion = "Xcode 13.0";
			developmentRegion = en;
			hasScannedForEncodings = 0;
			knownRegions = (
				en,
				Base,
			);
			mainGroup = 57893C4C29715026004F84FC;
			productRefGroup = 57893C5629715026004F84FC /* Products */;
			projectDirPath = "";
			projectRoot = "";
			targets = (
				57893C5429715026004F84FC /* DemoProject */,
				57893C6A29715029004F84FC /* DemoProjectTests */,
			);
		};
/* End PBXProject section */

/* Begin PBXResourcesBuildPhase section */
		57893C5329715026004F84FC /* Resources */ = {
			isa = PBXResourcesBuildPhase;
			buildActionMask = 2147483647;
			files = (
				57893C6529715029004F84FC /* LaunchScreen.storyboard in Resources */,
				57893C6229715029004F84FC /* Assets.xcassets in Resources */,
			);
			runOnlyForDeploymentPostprocessing = 0;
		};
		57893C6929715029004F84FC /* Resources */ = {
			isa = PBXResourcesBuildPhase;
			buildActionMask = 2147483647;
			files = (
			);
			runOnlyForDeploymentPostprocessing = 0;
		};
/* End PBXResourcesBuildPhase section */

/* Begin PBXSourcesBuildPhase section */
		57893C5129715026004F84FC /* Sources */ = {
			isa = PBXSourcesBuildPhase;
			buildActionMask = 2147483647;
			files = (
				57893CB12972CD1C004F84FC /* BeerProfileImage.swift in Sources */,
				57893C8F297158AB004F84FC /* Coordinator.swift in Sources */,
				57893C95297159FB004F84FC /* Request+CRUD.swift in Sources */,
				57893C982971624C004F84FC /* PunkAPIClient.swift in Sources */,
				57893C5929715027004F84FC /* AppDelegate.swift in Sources */,
				57893C5B29715027004F84FC /* SceneDelegate.swift in Sources */,
				57893C9A29716711004F84FC /* BeersListView.swift in Sources */,
				57893C96297159FB004F84FC /* Request.swift in Sources */,
				57893CAF2972C697004F84FC /* BeerDetailsViewModel.swift in Sources */,
				57893C94297159FB004F84FC /* APIClient.swift in Sources */,
				57893CA5297192AA004F84FC /* BeerItemView.swift in Sources */,
				57893CA0297191CD004F84FC /* BeersListViewModel.swift in Sources */,
				57893C9D297168E7004F84FC /* Beer.swift in Sources */,
				57893CAD2972C58E004F84FC /* BeerDetailsView.swift in Sources */,
				57893C8D29715861004F84FC /* ApplicationCoordinator.swift in Sources */,
			);
			runOnlyForDeploymentPostprocessing = 0;
		};
		57893C6729715029004F84FC /* Sources */ = {
			isa = PBXSourcesBuildPhase;
			buildActionMask = 2147483647;
			files = (
				57893CBC29742354004F84FC /* BeerModelTests.swift in Sources */,
				57893CB829742151004F84FC /* MockBeerJSON.swift in Sources */,
				57893CBA29742151004F84FC /* MockBeer.swift in Sources */,
				57893CC029742E38004F84FC /* BeerDetailsViewModelTests.swift in Sources */,
				57893CB929742151004F84FC /* APIClientStub.swift in Sources */,
				57893CBE29742AB0004F84FC /* BeersListViewModel.swift in Sources */,
			);
			runOnlyForDeploymentPostprocessing = 0;
		};
/* End PBXSourcesBuildPhase section */

/* Begin PBXTargetDependency section */
		57893C6D29715029004F84FC /* PBXTargetDependency */ = {
			isa = PBXTargetDependency;
			target = 57893C5429715026004F84FC /* DemoProject */;
			targetProxy = 57893C6C29715029004F84FC /* PBXContainerItemProxy */;
		};
/* End PBXTargetDependency section */

/* Begin PBXVariantGroup section */
		57893C6329715029004F84FC /* LaunchScreen.storyboard */ = {
			isa = PBXVariantGroup;
			children = (
				57893C6429715029004F84FC /* Base */,
			);
			name = LaunchScreen.storyboard;
			sourceTree = "<group>";
		};
/* End PBXVariantGroup section */

/* Begin XCBuildConfiguration section */
		57893C7D29715029004F84FC /* Debug */ = {
			isa = XCBuildConfiguration;
			buildSettings = {
				ALWAYS_SEARCH_USER_PATHS = NO;
				CLANG_ANALYZER_NONNULL = YES;
				CLANG_ANALYZER_NUMBER_OBJECT_CONVERSION = YES_AGGRESSIVE;
				CLANG_CXX_LANGUAGE_STANDARD = "gnu++17";
				CLANG_ENABLE_MODULES = YES;
				CLANG_ENABLE_OBJC_ARC = YES;
				CLANG_ENABLE_OBJC_WEAK = YES;
				CLANG_WARN_BLOCK_CAPTURE_AUTORELEASING = YES;
				CLANG_WARN_BOOL_CONVERSION = YES;
				CLANG_WARN_COMMA = YES;
				CLANG_WARN_CONSTANT_CONVERSION = YES;
				CLANG_WARN_DEPRECATED_OBJC_IMPLEMENTATIONS = YES;
				CLANG_WARN_DIRECT_OBJC_ISA_USAGE = YES_ERROR;
				CLANG_WARN_DOCUMENTATION_COMMENTS = YES;
				CLANG_WARN_EMPTY_BODY = YES;
				CLANG_WARN_ENUM_CONVERSION = YES;
				CLANG_WARN_INFINITE_RECURSION = YES;
				CLANG_WARN_INT_CONVERSION = YES;
				CLANG_WARN_NON_LITERAL_NULL_CONVERSION = YES;
				CLANG_WARN_OBJC_IMPLICIT_RETAIN_SELF = YES;
				CLANG_WARN_OBJC_LITERAL_CONVERSION = YES;
				CLANG_WARN_OBJC_ROOT_CLASS = YES_ERROR;
				CLANG_WARN_QUOTED_INCLUDE_IN_FRAMEWORK_HEADER = YES;
				CLANG_WARN_RANGE_LOOP_ANALYSIS = YES;
				CLANG_WARN_STRICT_PROTOTYPES = YES;
				CLANG_WARN_SUSPICIOUS_MOVE = YES;
				CLANG_WARN_UNGUARDED_AVAILABILITY = YES_AGGRESSIVE;
				CLANG_WARN_UNREACHABLE_CODE = YES;
				CLANG_WARN__DUPLICATE_METHOD_MATCH = YES;
				COPY_PHASE_STRIP = NO;
				DEBUG_INFORMATION_FORMAT = dwarf;
				ENABLE_STRICT_OBJC_MSGSEND = YES;
				ENABLE_TESTABILITY = YES;
				GCC_C_LANGUAGE_STANDARD = gnu11;
				GCC_DYNAMIC_NO_PIC = NO;
				GCC_NO_COMMON_BLOCKS = YES;
				GCC_OPTIMIZATION_LEVEL = 0;
				GCC_PREPROCESSOR_DEFINITIONS = (
					"DEBUG=1",
					"$(inherited)",
				);
				GCC_WARN_64_TO_32_BIT_CONVERSION = YES;
				GCC_WARN_ABOUT_RETURN_TYPE = YES_ERROR;
				GCC_WARN_UNDECLARED_SELECTOR = YES;
				GCC_WARN_UNINITIALIZED_AUTOS = YES_AGGRESSIVE;
				GCC_WARN_UNUSED_FUNCTION = YES;
				GCC_WARN_UNUSED_VARIABLE = YES;
				IPHONEOS_DEPLOYMENT_TARGET = 15.5;
				MTL_ENABLE_DEBUG_INFO = INCLUDE_SOURCE;
				MTL_FAST_MATH = YES;
				ONLY_ACTIVE_ARCH = YES;
				SDKROOT = iphoneos;
				SWIFT_ACTIVE_COMPILATION_CONDITIONS = DEBUG;
				SWIFT_OPTIMIZATION_LEVEL = "-Onone";
			};
			name = Debug;
		};
		57893C7E29715029004F84FC /* Release */ = {
			isa = XCBuildConfiguration;
			buildSettings = {
				ALWAYS_SEARCH_USER_PATHS = NO;
				CLANG_ANALYZER_NONNULL = YES;
				CLANG_ANALYZER_NUMBER_OBJECT_CONVERSION = YES_AGGRESSIVE;
				CLANG_CXX_LANGUAGE_STANDARD = "gnu++17";
				CLANG_ENABLE_MODULES = YES;
				CLANG_ENABLE_OBJC_ARC = YES;
				CLANG_ENABLE_OBJC_WEAK = YES;
				CLANG_WARN_BLOCK_CAPTURE_AUTORELEASING = YES;
				CLANG_WARN_BOOL_CONVERSION = YES;
				CLANG_WARN_COMMA = YES;
				CLANG_WARN_CONSTANT_CONVERSION = YES;
				CLANG_WARN_DEPRECATED_OBJC_IMPLEMENTATIONS = YES;
				CLANG_WARN_DIRECT_OBJC_ISA_USAGE = YES_ERROR;
				CLANG_WARN_DOCUMENTATION_COMMENTS = YES;
				CLANG_WARN_EMPTY_BODY = YES;
				CLANG_WARN_ENUM_CONVERSION = YES;
				CLANG_WARN_INFINITE_RECURSION = YES;
				CLANG_WARN_INT_CONVERSION = YES;
				CLANG_WARN_NON_LITERAL_NULL_CONVERSION = YES;
				CLANG_WARN_OBJC_IMPLICIT_RETAIN_SELF = YES;
				CLANG_WARN_OBJC_LITERAL_CONVERSION = YES;
				CLANG_WARN_OBJC_ROOT_CLASS = YES_ERROR;
				CLANG_WARN_QUOTED_INCLUDE_IN_FRAMEWORK_HEADER = YES;
				CLANG_WARN_RANGE_LOOP_ANALYSIS = YES;
				CLANG_WARN_STRICT_PROTOTYPES = YES;
				CLANG_WARN_SUSPICIOUS_MOVE = YES;
				CLANG_WARN_UNGUARDED_AVAILABILITY = YES_AGGRESSIVE;
				CLANG_WARN_UNREACHABLE_CODE = YES;
				CLANG_WARN__DUPLICATE_METHOD_MATCH = YES;
				COPY_PHASE_STRIP = NO;
				DEBUG_INFORMATION_FORMAT = "dwarf-with-dsym";
				ENABLE_NS_ASSERTIONS = NO;
				ENABLE_STRICT_OBJC_MSGSEND = YES;
				GCC_C_LANGUAGE_STANDARD = gnu11;
				GCC_NO_COMMON_BLOCKS = YES;
				GCC_WARN_64_TO_32_BIT_CONVERSION = YES;
				GCC_WARN_ABOUT_RETURN_TYPE = YES_ERROR;
				GCC_WARN_UNDECLARED_SELECTOR = YES;
				GCC_WARN_UNINITIALIZED_AUTOS = YES_AGGRESSIVE;
				GCC_WARN_UNUSED_FUNCTION = YES;
				GCC_WARN_UNUSED_VARIABLE = YES;
				IPHONEOS_DEPLOYMENT_TARGET = 15.5;
				MTL_ENABLE_DEBUG_INFO = NO;
				MTL_FAST_MATH = YES;
				SDKROOT = iphoneos;
				SWIFT_COMPILATION_MODE = wholemodule;
				SWIFT_OPTIMIZATION_LEVEL = "-O";
				VALIDATE_PRODUCT = YES;
			};
			name = Release;
		};
		57893C8029715029004F84FC /* Debug */ = {
			isa = XCBuildConfiguration;
			buildSettings = {
				ASSETCATALOG_COMPILER_APPICON_NAME = AppIcon;
				ASSETCATALOG_COMPILER_GLOBAL_ACCENT_COLOR_NAME = AccentColor;
				CODE_SIGN_STYLE = Automatic;
				CURRENT_PROJECT_VERSION = 1;
				DEVELOPMENT_TEAM = 45FT8KN2M4;
				GENERATE_INFOPLIST_FILE = YES;
				INFOPLIST_FILE = DemoProject/Info.plist;
				INFOPLIST_KEY_UIApplicationSupportsIndirectInputEvents = YES;
				INFOPLIST_KEY_UILaunchStoryboardName = LaunchScreen;
				INFOPLIST_KEY_UISupportedInterfaceOrientations_iPad = "UIInterfaceOrientationPortrait UIInterfaceOrientationPortraitUpsideDown UIInterfaceOrientationLandscapeLeft UIInterfaceOrientationLandscapeRight";
				INFOPLIST_KEY_UISupportedInterfaceOrientations_iPhone = "UIInterfaceOrientationPortrait UIInterfaceOrientationLandscapeLeft UIInterfaceOrientationLandscapeRight";
				LD_RUNPATH_SEARCH_PATHS = (
					"$(inherited)",
					"@executable_path/Frameworks",
				);
				MARKETING_VERSION = 1.0;
				PRODUCT_BUNDLE_IDENTIFIER = EvgenyProkoshev.DemoProject;
				PRODUCT_NAME = "$(TARGET_NAME)";
				SWIFT_EMIT_LOC_STRINGS = YES;
				SWIFT_VERSION = 5.0;
				TARGETED_DEVICE_FAMILY = 1;
			};
			name = Debug;
		};
		57893C8129715029004F84FC /* Release */ = {
			isa = XCBuildConfiguration;
			buildSettings = {
				ASSETCATALOG_COMPILER_APPICON_NAME = AppIcon;
				ASSETCATALOG_COMPILER_GLOBAL_ACCENT_COLOR_NAME = AccentColor;
				CODE_SIGN_STYLE = Automatic;
				CURRENT_PROJECT_VERSION = 1;
				DEVELOPMENT_TEAM = 45FT8KN2M4;
				GENERATE_INFOPLIST_FILE = YES;
				INFOPLIST_FILE = DemoProject/Info.plist;
				INFOPLIST_KEY_UIApplicationSupportsIndirectInputEvents = YES;
				INFOPLIST_KEY_UILaunchStoryboardName = LaunchScreen;
				INFOPLIST_KEY_UISupportedInterfaceOrientations_iPad = "UIInterfaceOrientationPortrait UIInterfaceOrientationPortraitUpsideDown UIInterfaceOrientationLandscapeLeft UIInterfaceOrientationLandscapeRight";
				INFOPLIST_KEY_UISupportedInterfaceOrientations_iPhone = "UIInterfaceOrientationPortrait UIInterfaceOrientationLandscapeLeft UIInterfaceOrientationLandscapeRight";
				LD_RUNPATH_SEARCH_PATHS = (
					"$(inherited)",
					"@executable_path/Frameworks",
				);
				MARKETING_VERSION = 1.0;
				PRODUCT_BUNDLE_IDENTIFIER = EvgenyProkoshev.DemoProject;
				PRODUCT_NAME = "$(TARGET_NAME)";
				SWIFT_EMIT_LOC_STRINGS = YES;
				SWIFT_VERSION = 5.0;
				TARGETED_DEVICE_FAMILY = 1;
			};
			name = Release;
		};
		57893C8329715029004F84FC /* Debug */ = {
			isa = XCBuildConfiguration;
			buildSettings = {
				ALWAYS_EMBED_SWIFT_STANDARD_LIBRARIES = YES;
				BUNDLE_LOADER = "$(TEST_HOST)";
				CODE_SIGN_STYLE = Automatic;
				CURRENT_PROJECT_VERSION = 1;
				DEVELOPMENT_TEAM = 45FT8KN2M4;
				GENERATE_INFOPLIST_FILE = YES;
				IPHONEOS_DEPLOYMENT_TARGET = 15.5;
				MARKETING_VERSION = 1.0;
				PRODUCT_BUNDLE_IDENTIFIER = EvgenyProkoshev.DemoProjectTests;
				PRODUCT_NAME = "$(TARGET_NAME)";
				SWIFT_EMIT_LOC_STRINGS = NO;
				SWIFT_VERSION = 5.0;
				TARGETED_DEVICE_FAMILY = "1,2";
				TEST_HOST = "$(BUILT_PRODUCTS_DIR)/DemoProject.app/DemoProject";
			};
			name = Debug;
		};
		57893C8429715029004F84FC /* Release */ = {
			isa = XCBuildConfiguration;
			buildSettings = {
				ALWAYS_EMBED_SWIFT_STANDARD_LIBRARIES = YES;
				BUNDLE_LOADER = "$(TEST_HOST)";
				CODE_SIGN_STYLE = Automatic;
				CURRENT_PROJECT_VERSION = 1;
				DEVELOPMENT_TEAM = 45FT8KN2M4;
				GENERATE_INFOPLIST_FILE = YES;
				IPHONEOS_DEPLOYMENT_TARGET = 15.5;
				MARKETING_VERSION = 1.0;
				PRODUCT_BUNDLE_IDENTIFIER = EvgenyProkoshev.DemoProjectTests;
				PRODUCT_NAME = "$(TARGET_NAME)";
				SWIFT_EMIT_LOC_STRINGS = NO;
				SWIFT_VERSION = 5.0;
				TARGETED_DEVICE_FAMILY = "1,2";
				TEST_HOST = "$(BUILT_PRODUCTS_DIR)/DemoProject.app/DemoProject";
			};
			name = Release;
		};
/* End XCBuildConfiguration section */

/* Begin XCConfigurationList section */
		57893C5029715026004F84FC /* Build configuration list for PBXProject "DemoProject" */ = {
			isa = XCConfigurationList;
			buildConfigurations = (
				57893C7D29715029004F84FC /* Debug */,
				57893C7E29715029004F84FC /* Release */,
			);
			defaultConfigurationIsVisible = 0;
			defaultConfigurationName = Release;
		};
		57893C7F29715029004F84FC /* Build configuration list for PBXNativeTarget "DemoProject" */ = {
			isa = XCConfigurationList;
			buildConfigurations = (
				57893C8029715029004F84FC /* Debug */,
				57893C8129715029004F84FC /* Release */,
			);
			defaultConfigurationIsVisible = 0;
			defaultConfigurationName = Release;
		};
		57893C8229715029004F84FC /* Build configuration list for PBXNativeTarget "DemoProjectTests" */ = {
			isa = XCConfigurationList;
			buildConfigurations = (
				57893C8329715029004F84FC /* Debug */,
				57893C8429715029004F84FC /* Release */,
			);
			defaultConfigurationIsVisible = 0;
			defaultConfigurationName = Release;
		};
/* End XCConfigurationList section */
	};
	rootObject = 57893C4D29715026004F84FC /* Project object */;
}
